
Microsoft Visual Studio Solution File, Format Version 12.00
# Visual Studio 14
VisualStudioVersion = 14.0.25123.0
MinimumVisualStudioVersion = 10.0.40219.1
Project("{FAE04EC0-301F-11D3-BF4B-00C04F79EFBC}") = "TddBuddy.SpeedySqlLocalDb.EF.Examples", "TddBuddy.SpeedySqlLocalDb.EF.Examples\TddBuddy.SpeedySqlLocalDb.EF.Examples.csproj", "{4F326C8A-D2A5-4DE1-B292-2D0AB05D6BAA}"
EndProject
Project("{FAE04EC0-301F-11D3-BF4B-00C04F79EFBC}") = "TddBuddy.SpeedySqlLocalDb", "TddBuddy.SpeedySqlLocalDb\TddBuddy.SpeedySqlLocalDb.csproj", "{C4E7FD71-2EAC-491F-B2A4-AE01008EEF06}"
EndProject
Project("{FAE04EC0-301F-11D3-BF4B-00C04F79EFBC}") = "TddBuddy.SpeedySqlLocalDb.Tests", "TddBuddy.SpeedySqlLocalDb.Tests\TddBuddy.SpeedySqlLocalDb.Tests.csproj", "{51AEE238-271C-4CB4-8493-450F40E82B20}"
EndProject
Global
	GlobalSection(SolutionConfigurationPlatforms) = preSolution
		Debug|Any CPU = Debug|Any CPU
		Release|Any CPU = Release|Any CPU
	EndGlobalSection
	GlobalSection(ProjectConfigurationPlatforms) = postSolution
		{4F326C8A-D2A5-4DE1-B292-2D0AB05D6BAA}.Debug|Any CPU.ActiveCfg = Debug|Any CPU
		{4F326C8A-D2A5-4DE1-B292-2D0AB05D6BAA}.Debug|Any CPU.Build.0 = Debug|Any CPU
		{4F326C8A-D2A5-4DE1-B292-2D0AB05D6BAA}.Release|Any CPU.ActiveCfg = Release|Any CPU
		{4F326C8A-D2A5-4DE1-B292-2D0AB05D6BAA}.Release|Any CPU.Build.0 = Release|Any CPU
		{C4E7FD71-2EAC-491F-B2A4-AE01008EEF06}.Debug|Any CPU.ActiveCfg = Debug|Any CPU
		{C4E7FD71-2EAC-491F-B2A4-AE01008EEF06}.Debug|Any CPU.Build.0 = Debug|Any CPU
		{C4E7FD71-2EAC-491F-B2A4-AE01008EEF06}.Release|Any CPU.ActiveCfg = Release|Any CPU
		{C4E7FD71-2EAC-491F-B2A4-AE01008EEF06}.Release|Any CPU.Build.0 = Release|Any CPU
		{51AEE238-271C-4CB4-8493-450F40E82B20}.Debug|Any CPU.ActiveCfg = Debug|Any CPU
		{51AEE238-271C-4CB4-8493-450F40E82B20}.Debug|Any CPU.Build.0 = Debug|Any CPU
		{51AEE238-271C-4CB4-8493-450F40E82B20}.Release|Any CPU.ActiveCfg = Release|Any CPU
		{51AEE238-271C-4CB4-8493-450F40E82B20}.Release|Any CPU.Build.0 = Release|Any CPU
	EndGlobalSection
	GlobalSection(SolutionProperties) = preSolution
		HideSolutionNode = FALSE
	EndGlobalSection
EndGlobal
